// !$*UTF8*$!
{
	archiveVersion = 1;
	classes = {
	};
	objectVersion = 46;
	objects = {

/* Begin PBXBuildFile section */
		439E2E401C2A903F001CF76F /* AppDelegate.swift in Sources */ = {isa = PBXBuildFile; fileRef = 439E2E3F1C2A903F001CF76F /* AppDelegate.swift */; };
		439E2E421C2A903F001CF76F /* ViewController.swift in Sources */ = {isa = PBXBuildFile; fileRef = 439E2E411C2A903F001CF76F /* ViewController.swift */; };
		439E2E451C2A903F001CF76F /* Main.storyboard in Resources */ = {isa = PBXBuildFile; fileRef = 439E2E431C2A903F001CF76F /* Main.storyboard */; };
		439E2E481C2A903F001CF76F /* Color_Slider.xcdatamodeld in Sources */ = {isa = PBXBuildFile; fileRef = 439E2E461C2A903F001CF76F /* Color_Slider.xcdatamodeld */; };
		439E2E4A1C2A903F001CF76F /* Assets.xcassets in Resources */ = {isa = PBXBuildFile; fileRef = 439E2E491C2A903F001CF76F /* Assets.xcassets */; };
		439E2E4D1C2A903F001CF76F /* LaunchScreen.storyboard in Resources */ = {isa = PBXBuildFile; fileRef = 439E2E4B1C2A903F001CF76F /* LaunchScreen.storyboard */; };
/* End PBXBuildFile section */

/* Begin PBXFileReference section */
		439E2E3C1C2A903F001CF76F /* Color Slider.app */ = {isa = PBXFileReference; explicitFileType = wrapper.application; includeInIndex = 0; path = "Color Slider.app"; sourceTree = BUILT_PRODUCTS_DIR; };
		439E2E3F1C2A903F001CF76F /* AppDelegate.swift */ = {isa = PBXFileReference; lastKnownFileType = sourcecode.swift; path = AppDelegate.swift; sourceTree = "<group>"; };
		439E2E411C2A903F001CF76F /* ViewController.swift */ = {isa = PBXFileReference; lastKnownFileType = sourcecode.swift; path = ViewController.swift; sourceTree = "<group>"; };
		439E2E441C2A903F001CF76F /* Base */ = {isa = PBXFileReference; lastKnownFileType = file.storyboard; name = Base; path = Base.lproj/Main.storyboard; sourceTree = "<group>"; };
		439E2E471C2A903F001CF76F /* Color_Slider.xcdatamodel */ = {isa = PBXFileReference; lastKnownFileType = wrapper.xcdatamodel; path = Color_Slider.xcdatamodel; sourceTree = "<group>"; };
		439E2E491C2A903F001CF76F /* Assets.xcassets */ = {isa = PBXFileReference; lastKnownFileType = folder.assetcatalog; path = Assets.xcassets; sourceTree = "<group>"; };
		439E2E4C1C2A903F001CF76F /* Base */ = {isa = PBXFileReference; lastKnownFileType = file.storyboard; name = Base; path = Base.lproj/LaunchScreen.storyboard; sourceTree = "<group>"; };
		439E2E4E1C2A903F001CF76F /* Info.plist */ = {isa = PBXFileReference; lastKnownFileType = text.plist.xml; path = Info.plist; sourceTree = "<group>"; };
/* End PBXFileReference section */

/* Begin PBXFrameworksBuildPhase section */
		439E2E391C2A903F001CF76F /* Frameworks */ = {
			isa = PBXFrameworksBuildPhase;
			buildActionMask = 2147483647;
			files = (
			);
			runOnlyForDeploymentPostprocessing = 0;
		};
/* End PBXFrameworksBuildPhase section */

/* Begin PBXGroup section */
		439E2E331C2A903E001CF76F = {
			isa = PBXGroup;
			children = (
				439E2E3E1C2A903F001CF76F /* Color Slider */,
				439E2E3D1C2A903F001CF76F /* Products */,
			);
			sourceTree = "<group>";
		};
		439E2E3D1C2A903F001CF76F /* Products */ = {
			isa = PBXGroup;
			children = (
				439E2E3C1C2A903F001CF76F /* Color Slider.app */,
			);
			name = Products;
			sourceTree = "<group>";
		};
		439E2E3E1C2A903F001CF76F /* Color Slider */ = {
			isa = PBXGroup;
			children = (
				439E2E3F1C2A903F001CF76F /* AppDelegate.swift */,
				439E2E411C2A903F001CF76F /* ViewController.swift */,
				439E2E431C2A903F001CF76F /* Main.storyboard */,
				439E2E491C2A903F001CF76F /* Assets.xcassets */,
				439E2E4B1C2A903F001CF76F /* LaunchScreen.storyboard */,
				439E2E4E1C2A903F001CF76F /* Info.plist */,
				439E2E461C2A903F001CF76F /* Color_Slider.xcdatamodeld */,
			);
			path = "Color Slider";
			sourceTree = "<group>";
		};
/* End PBXGroup section */

/* Begin PBXNativeTarget section */
		439E2E3B1C2A903F001CF76F /* Color Slider */ = {
			isa = PBXNativeTarget;
			buildConfigurationList = 439E2E511C2A903F001CF76F /* Build configuration list for PBXNativeTarget "Color Slider" */;
			buildPhases = (
				439E2E381C2A903F001CF76F /* Sources */,
				439E2E391C2A903F001CF76F /* Frameworks */,
				439E2E3A1C2A903F001CF76F /* Resources */,
			);
			buildRules = (
			);
			dependencies = (
			);
			name = "Color Slider";
			productName = "Color Slider";
			productReference = 439E2E3C1C2A903F001CF76F /* Color Slider.app */;
			productType = "com.apple.product-type.application";
		};
/* End PBXNativeTarget section */

/* Begin PBXProject section */
		439E2E341C2A903E001CF76F /* Project object */ = {
			isa = PBXProject;
			attributes = {
				LastSwiftUpdateCheck = 0710;
				LastUpgradeCheck = 0710;
				ORGANIZATIONNAME = "Nadee Anuththara";
				TargetAttributes = {
					439E2E3B1C2A903F001CF76F = {
						CreatedOnToolsVersion = 7.1.1;
					};
				};
			};
			buildConfigurationList = 439E2E371C2A903E001CF76F /* Build configuration list for PBXProject "Color Slider" */;
			compatibilityVersion = "Xcode 3.2";
			developmentRegion = English;
			hasScannedForEncodings = 0;
			knownRegions = (
				en,
				Base,
			);
			mainGroup = 439E2E331C2A903E001CF76F;
			productRefGroup = 439E2E3D1C2A903F001CF76F /* Products */;
			projectDirPath = "";
			projectRoot = "";
			targets = (
				439E2E3B1C2A903F001CF76F /* Color Slider */,
			);
		};
/* End PBXProject section */

/* Begin PBXResourcesBuildPhase section */
		439E2E3A1C2A903F001CF76F /* Resources */ = {
			isa = PBXResourcesBuildPhase;
			buildActionMask = 2147483647;
			files = (
				439E2E4D1C2A903F001CF76F /* LaunchScreen.storyboard in Resources */,
				439E2E4A1C2A903F001CF76F /* Assets.xcassets in Resources */,
				439E2E451C2A903F001CF76F /* Main.storyboard in Resources */,
			);
			runOnlyForDeploymentPostprocessing = 0;
		};
/* End PBXResourcesBuildPhase section */

/* Begin PBXSourcesBuildPhase section */
		439E2E381C2A903F001CF76F /* Sources */ = {
			isa = PBXSourcesBuildPhase;
			buildActionMask = 2147483647;
			files = (
				439E2E481C2A903F001CF76F /* Color_Slider.xcdatamodeld in Sources */,
				439E2E421C2A903F001CF76F /* ViewController.swift in Sources */,
				439E2E401C2A903F001CF76F /* AppDelegate.swift in Sources */,
			);
			runOnlyForDeploymentPostprocessing = 0;
		};
/* End PBXSourcesBuildPhase section */

/* Begin PBXVariantGroup section */
		439E2E431C2A903F001CF76F /* Main.storyboard */ = {
			isa = PBXVariantGroup;
			children = (
				439E2E441C2A903F001CF76F /* Base */,
			);
			name = Main.storyboard;
			sourceTree = "<group>";
		};
		439E2E4B1C2A903F001CF76F /* LaunchScreen.storyboard */ = {
			isa = PBXVariantGroup;
			children = (
				439E2E4C1C2A903F001CF76F /* Base */,
			);
			name = LaunchScreen.storyboard;
			sourceTree = "<group>";
		};
/* End PBXVariantGroup section */

/* Begin XCBuildConfiguration section */
		439E2E4F1C2A903F001CF76F /* Debug */ = {
			isa = XCBuildConfiguration;
			buildSettings = {
				ALWAYS_SEARCH_USER_PATHS = NO;
				CLANG_CXX_LANGUAGE_STANDARD = "gnu++0x";
				CLANG_CXX_LIBRARY = "libc++";
				CLANG_ENABLE_MODULES = YES;
				CLANG_ENABLE_OBJC_ARC = YES;
				CLANG_WARN_BOOL_CONVERSION = YES;
				CLANG_WARN_CONSTANT_CONVERSION = YES;
				CLANG_WARN_DIRECT_OBJC_ISA_USAGE = YES_ERROR;
				CLANG_WARN_EMPTY_BODY = YES;
				CLANG_WARN_ENUM_CONVERSION = YES;
				CLANG_WARN_INT_CONVERSION = YES;
				CLANG_WARN_OBJC_ROOT_CLASS = YES_ERROR;
				CLANG_WARN_UNREACHABLE_CODE = YES;
				CLANG_WARN__DUPLICATE_METHOD_MATCH = YES;
				"CODE_SIGN_IDENTITY[sdk=iphoneos*]" = "iPhone Developer";
				COPY_PHASE_STRIP = NO;
				DEBUG_INFORMATION_FORMAT = dwarf;
				ENABLE_STRICT_OBJC_MSGSEND = YES;
				ENABLE_TESTABILITY = YES;
				GCC_C_LANGUAGE_STANDARD = gnu99;
				GCC_DYNAMIC_NO_PIC = NO;
				GCC_NO_COMMON_BLOCKS = YES;
				GCC_OPTIMIZATION_LEVEL = 0;
				GCC_PREPROCESSOR_DEFINITIONS = (
					"DEBUG=1",
					"$(inherited)",
				);
				GCC_WARN_64_TO_32_BIT_CONVERSION = YES;
				GCC_WARN_ABOUT_RETURN_TYPE = YES_ERROR;
				GCC_WARN_UNDECLARED_SELECTOR = YES;
				GCC_WARN_UNINITIALIZED_AUTOS = YES_AGGRESSIVE;
				GCC_WARN_UNUSED_FUNCTION = YES;
				GCC_WARN_UNUSED_VARIABLE = YES;
				IPHONEOS_DEPLOYMENT_TARGET = 9.1;
				MTL_ENABLE_DEBUG_INFO = YES;
				ONLY_ACTIVE_ARCH = YES;
				SDKROOT = iphoneos;
				SWIFT_OPTIMIZATION_LEVEL = "-Onone";
			};
			name = Debug;
		};
		439E2E501C2A903F001CF76F /* Release */ = {
			isa = XCBuildConfiguration;
			buildSettings = {
				ALWAYS_SEARCH_USER_PATHS = NO;
				CLANG_CXX_LANGUAGE_STANDARD = "gnu++0x";
				CLANG_CXX_LIBRARY = "libc++";
				CLANG_ENABLE_MODULES = YES;
				CLANG_ENABLE_OBJC_ARC = YES;
				CLANG_WARN_BOOL_CONVERSION = YES;
				CLANG_WARN_CONSTANT_CONVERSION = YES;
				CLANG_WARN_DIRECT_OBJC_ISA_USAGE = YES_ERROR;
				CLANG_WARN_EMPTY_BODY = YES;
				CLANG_WARN_ENUM_CONVERSION = YES;
				CLANG_WARN_INT_CONVERSION = YES;
				CLANG_WARN_OBJC_ROOT_CLASS = YES_ERROR;
				CLANG_WARN_UNREACHABLE_CODE = YES;
				CLANG_WARN__DUPLICATE_METHOD_MATCH = YES;
				"CODE_SIGN_IDENTITY[sdk=iphoneos*]" = "iPhone Developer";
				COPY_PHASE_STRIP = NO;
				DEBUG_INFORMATION_FORMAT = "dwarf-with-dsym";
				ENABLE_NS_ASSERTIONS = NO;
				ENABLE_STRICT_OBJC_MSGSEND = YES;
				GCC_C_LANGUAGE_STANDARD = gnu99;
				GCC_NO_COMMON_BLOCKS = YES;
				GCC_WARN_64_TO_32_BIT_CONVERSION = YES;
				GCC_WARN_ABOUT_RETURN_TYPE = YES_ERROR;
				GCC_WARN_UNDECLARED_SELECTOR = YES;
				GCC_WARN_UNINITIALIZED_AUTOS = YES_AGGRESSIVE;
				GCC_WARN_UNUSED_FUNCTION = YES;
				GCC_WARN_UNUSED_VARIABLE = YES;
				IPHONEOS_DEPLOYMENT_TARGET = 9.1;
				MTL_ENABLE_DEBUG_INFO = NO;
				SDKROOT = iphoneos;
				VALIDATE_PRODUCT = YES;
			};
			name = Release;
		};
		439E2E521C2A903F001CF76F /* Debug */ = {
			isa = XCBuildConfiguration;
			buildSettings = {
				ASSETCATALOG_COMPILER_APPICON_NAME = AppIcon;
				INFOPLIST_FILE = "Color Slider/Info.plist";
				LD_RUNPATH_SEARCH_PATHS = "$(inherited) @executable_path/Frameworks";
				PRODUCT_BUNDLE_IDENTIFIER = "io.kadira.Color-Slider";
				PRODUCT_NAME = "$(TARGET_NAME)";
			};
			name = Debug;
		};
		439E2E531C2A903F001CF76F /* Release */ = {
			isa = XCBuildConfiguration;
			buildSettings = {
				ASSETCATALOG_COMPILER_APPICON_NAME = AppIcon;
				INFOPLIST_FILE = "Color Slider/Info.plist";
				LD_RUNPATH_SEARCH_PATHS = "$(inherited) @executable_path/Frameworks";
				PRODUCT_BUNDLE_IDENTIFIER = "io.kadira.Color-Slider";
				PRODUCT_NAME = "$(TARGET_NAME)";
			};
			name = Release;
		};
/* End XCBuildConfiguration section */

/* Begin XCConfigurationList section */
		439E2E371C2A903E001CF76F /* Build configuration list for PBXProject "Color Slider" */ = {
			isa = XCConfigurationList;
			buildConfigurations = (
				439E2E4F1C2A903F001CF76F /* Debug */,
				439E2E501C2A903F001CF76F /* Release */,
			);
			defaultConfigurationIsVisible = 0;
			defaultConfigurationName = Release;
		};
		439E2E511C2A903F001CF76F /* Build configuration list for PBXNativeTarget "Color Slider" */ = {
			isa = XCConfigurationList;
			buildConfigurations = (
				439E2E521C2A903F001CF76F /* Debug */,
				439E2E531C2A903F001CF76F /* Release */,
			);
			defaultConfigurationIsVisible = 0;
		};
/* End XCConfigurationList section */

/* Begin XCVersionGroup section */
		439E2E461C2A903F001CF76F /* Color_Slider.xcdatamodeld */ = {
			isa = XCVersionGroup;
			children = (
				439E2E471C2A903F001CF76F /* Color_Slider.xcdatamodel */,
			);
			currentVersion = 439E2E471C2A903F001CF76F /* Color_Slider.xcdatamodel */;
			path = Color_Slider.xcdatamodeld;
			sourceTree = "<group>";
			versionGroupType = wrapper.xcdatamodel;
		};
/* End XCVersionGroup section */
	};
	rootObject = 439E2E341C2A903E001CF76F /* Project object */;
}
